
Microsoft Visual Studio Solution File, Format Version 12.00
# Visual Studio Version 17
VisualStudioVersion = 17.1.31911.260
MinimumVisualStudioVersion = 10.0.40219.1
Project("{FAE04EC0-301F-11D3-BF4B-00C04F79EFBC}") = "ElevatorConsoleApp", "ElevatorConsoleApp\ElevatorConsoleApp.csproj", "{59027C92-6A9C-4181-AB0D-86D7C69E8017}"
EndProject
Project("{FAE04EC0-301F-11D3-BF4B-00C04F79EFBC}") = "ElevatorConsoleApp.Tests", "ElevatorConsoleApp.Tests\ElevatorConsoleApp.Tests.csproj", "{BDAF594F-5A53-4096-8BF3-11302186C2B0}"
EndProject
Global
	GlobalSection(SolutionConfigurationPlatforms) = preSolution
		Debug|Any CPU = Debug|Any CPU
		Release|Any CPU = Release|Any CPU
	EndGlobalSection
	GlobalSection(ProjectConfigurationPlatforms) = postSolution
		{59027C92-6A9C-4181-AB0D-86D7C69E8017}.Debug|Any CPU.ActiveCfg = Debug|Any CPU
		{59027C92-6A9C-4181-AB0D-86D7C69E8017}.Debug|Any CPU.Build.0 = Debug|Any CPU
		{59027C92-6A9C-4181-AB0D-86D7C69E8017}.Release|Any CPU.ActiveCfg = Release|Any CPU
		{59027C92-6A9C-4181-AB0D-86D7C69E8017}.Release|Any CPU.Build.0 = Release|Any CPU
		{BDAF594F-5A53-4096-8BF3-11302186C2B0}.Debug|Any CPU.ActiveCfg = Debug|Any CPU
		{BDAF594F-5A53-4096-8BF3-11302186C2B0}.Debug|Any CPU.Build.0 = Debug|Any CPU
		{BDAF594F-5A53-4096-8BF3-11302186C2B0}.Release|Any CPU.ActiveCfg = Release|Any CPU
		{BDAF594F-5A53-4096-8BF3-11302186C2B0}.Release|Any CPU.Build.0 = Release|Any CPU
	EndGlobalSection
	GlobalSection(SolutionProperties) = preSolution
		HideSolutionNode = FALSE
	EndGlobalSection
	GlobalSection(ExtensibilityGlobals) = postSolution
		SolutionGuid = {86E4F600-6908-42C5-A48F-1605901EBC0D}
	EndGlobalSection
EndGlobal
